
Microsoft Visual Studio Solution File, Format Version 12.00
# Visual Studio Version 16
VisualStudioVersion = 25.0.1700.0
MinimumVisualStudioVersion = 10.0.40219.1
Project("{FAE04EC0-301F-11D3-BF4B-00C04F79EFBC}") = "DesignPatterns", "DesignPatterns\DesignPatterns.csproj", "{2B11DE85-0802-468F-BB9F-F9D61E00A621}"
EndProject
Project("{FAE04EC0-301F-11D3-BF4B-00C04F79EFBC}") = "Creational", "Creational\Creational.csproj", "{489ECE6F-D4FD-4457-BAC8-C030ADB984C3}"
EndProject
Global
	GlobalSection(SolutionConfigurationPlatforms) = preSolution
		Debug|Any CPU = Debug|Any CPU
		Release|Any CPU = Release|Any CPU
	EndGlobalSection
	GlobalSection(ProjectConfigurationPlatforms) = postSolution
		{2B11DE85-0802-468F-BB9F-F9D61E00A621}.Debug|Any CPU.ActiveCfg = Debug|Any CPU
		{2B11DE85-0802-468F-BB9F-F9D61E00A621}.Debug|Any CPU.Build.0 = Debug|Any CPU
		{2B11DE85-0802-468F-BB9F-F9D61E00A621}.Release|Any CPU.ActiveCfg = Release|Any CPU
		{2B11DE85-0802-468F-BB9F-F9D61E00A621}.Release|Any CPU.Build.0 = Release|Any CPU
		{489ECE6F-D4FD-4457-BAC8-C030ADB984C3}.Debug|Any CPU.ActiveCfg = Debug|Any CPU
		{489ECE6F-D4FD-4457-BAC8-C030ADB984C3}.Debug|Any CPU.Build.0 = Debug|Any CPU
		{489ECE6F-D4FD-4457-BAC8-C030ADB984C3}.Release|Any CPU.ActiveCfg = Release|Any CPU
		{489ECE6F-D4FD-4457-BAC8-C030ADB984C3}.Release|Any CPU.Build.0 = Release|Any CPU
	EndGlobalSection
	GlobalSection(SolutionProperties) = preSolution
		HideSolutionNode = FALSE
	EndGlobalSection
	GlobalSection(ExtensibilityGlobals) = postSolution
		SolutionGuid = {B4ADD201-94A9-4F35-AFFD-2FE78FA741B0}
	EndGlobalSection
EndGlobal
